// !$*UTF8*$!
{
	archiveVersion = 1;
	classes = {
	};
	objectVersion = 46;
	objects = {

/* Begin PBXBuildFile section */
		0308E0BE18BBF7850094E105 /* Cocoa.framework in Frameworks */ = {isa = PBXBuildFile; fileRef = 0308E0BD18BBF7850094E105 /* Cocoa.framework */; };
		0308E0C818BBF7850094E105 /* InfoPlist.strings in Resources */ = {isa = PBXBuildFile; fileRef = 0308E0C618BBF7850094E105 /* InfoPlist.strings */; };
		0308E0D318BBF7850094E105 /* XCTest.framework in Frameworks */ = {isa = PBXBuildFile; fileRef = 0308E0D218BBF7850094E105 /* XCTest.framework */; };
		0308E0D418BBF7850094E105 /* Cocoa.framework in Frameworks */ = {isa = PBXBuildFile; fileRef = 0308E0BD18BBF7850094E105 /* Cocoa.framework */; };
		0308E0D718BBF7850094E105 /* ReactiveBLE.framework in Frameworks */ = {isa = PBXBuildFile; fileRef = 0308E0BA18BBF7850094E105 /* ReactiveBLE.framework */; };
		0308E0DD18BBF7850094E105 /* InfoPlist.strings in Resources */ = {isa = PBXBuildFile; fileRef = 0308E0DB18BBF7850094E105 /* InfoPlist.strings */; };
		0308E16318BBFC1F0094E105 /* IOBluetooth.framework in Frameworks */ = {isa = PBXBuildFile; fileRef = 0308E16218BBFC1F0094E105 /* IOBluetooth.framework */; };
		037D986F18BE832B00586C5C /* RBTCentralManager.h in Headers */ = {isa = PBXBuildFile; fileRef = 037D986D18BE832B00586C5C /* RBTCentralManager.h */; settings = {ATTRIBUTES = (Public, ); }; };
		037D987018BE832B00586C5C /* RBTCentralManager.m in Sources */ = {isa = PBXBuildFile; fileRef = 037D986E18BE832B00586C5C /* RBTCentralManager.m */; };
		03B98D4418BEC65D00366C75 /* EXTScope.h in Headers */ = {isa = PBXBuildFile; fileRef = 03B98D4218BEC65D00366C75 /* EXTScope.h */; };
		03B98D4518BEC65D00366C75 /* EXTScope.m in Sources */ = {isa = PBXBuildFile; fileRef = 03B98D4318BEC65D00366C75 /* EXTScope.m */; };
		03B98D4818BEC6FF00366C75 /* ReactiveCocoa.framework in Frameworks */ = {isa = PBXBuildFile; fileRef = 03B98D3418BEC5EE00366C75 /* ReactiveCocoa.framework */; };
		03B98D4918BEC70400366C75 /* ReactiveCocoa.framework in CopyFiles */ = {isa = PBXBuildFile; fileRef = 03B98D3418BEC5EE00366C75 /* ReactiveCocoa.framework */; };
		03B98D5818BEC84100366C75 /* ReactiveBLE.h in Headers */ = {isa = PBXBuildFile; fileRef = 0308E0CA18BBF7850094E105 /* ReactiveBLE.h */; settings = {ATTRIBUTES = (Public, ); }; };
		03B98D8118BED36E00366C75 /* libExpecta.a in Frameworks */ = {isa = PBXBuildFile; fileRef = 03B98D6118BED22900366C75 /* libExpecta.a */; };
		03B98D8218BED37200366C75 /* libSpecta.a in Frameworks */ = {isa = PBXBuildFile; fileRef = 03B98D7018BED22F00366C75 /* libSpecta.a */; };
		03B98D8518BED3BE00366C75 /* RBTCentralManagerSpec.m in Sources */ = {isa = PBXBuildFile; fileRef = 03B98D8418BED3BE00366C75 /* RBTCentralManagerSpec.m */; };
		03B98D8818BED7F100366C75 /* SenTestingKit.framework in Frameworks */ = {isa = PBXBuildFile; fileRef = 03B98D8718BED7F100366C75 /* SenTestingKit.framework */; };
/* End PBXBuildFile section */

/* Begin PBXContainerItemProxy section */
		0308E0D518BBF7850094E105 /* PBXContainerItemProxy */ = {
			isa = PBXContainerItemProxy;
			containerPortal = 0308E0B118BBF7850094E105 /* Project object */;
			proxyType = 1;
			remoteGlobalIDString = 0308E0B918BBF7850094E105;
			remoteInfo = ReactiveBLE;
		};
		03B98D3318BEC5EE00366C75 /* PBXContainerItemProxy */ = {
			isa = PBXContainerItemProxy;
			containerPortal = 0308E16818BBFEE20094E105 /* ReactiveCocoa.xcodeproj */;
			proxyType = 2;
			remoteGlobalIDString = 88037F8315056328001A5B19;
			remoteInfo = ReactiveCocoa;
		};
		03B98D3518BEC5EE00366C75 /* PBXContainerItemProxy */ = {
			isa = PBXContainerItemProxy;
			containerPortal = 0308E16818BBFEE20094E105 /* ReactiveCocoa.xcodeproj */;
			proxyType = 2;
			remoteGlobalIDString = 88F440AB153DAC820097B4C3;
			remoteInfo = "ReactiveCocoa-iOS";
		};
		03B98D3718BEC5EE00366C75 /* PBXContainerItemProxy */ = {
			isa = PBXContainerItemProxy;
			containerPortal = 0308E16818BBFEE20094E105 /* ReactiveCocoa.xcodeproj */;
			proxyType = 2;
			remoteGlobalIDString = 88CDF7DC15000FCF00163A9F;
			remoteInfo = ReactiveCocoaTests;
		};
		03B98D3918BEC5EE00366C75 /* PBXContainerItemProxy */ = {
			isa = PBXContainerItemProxy;
			containerPortal = 0308E16818BBFEE20094E105 /* ReactiveCocoa.xcodeproj */;
			proxyType = 2;
			remoteGlobalIDString = 5FAF5223174D4C2000CAC810;
			remoteInfo = "ReactiveCocoaTests-iOS";
		};
		03B98D3B18BEC5EE00366C75 /* PBXContainerItemProxy */ = {
			isa = PBXContainerItemProxy;
			containerPortal = 0308E16818BBFEE20094E105 /* ReactiveCocoa.xcodeproj */;
			proxyType = 2;
			remoteGlobalIDString = 1860F412177C91B500C7B3C9;
			remoteInfo = "ReactiveCocoa-iOS-UIKitTestHost";
		};
		03B98D3D18BEC5EE00366C75 /* PBXContainerItemProxy */ = {
			isa = PBXContainerItemProxy;
			containerPortal = 0308E16818BBFEE20094E105 /* ReactiveCocoa.xcodeproj */;
			proxyType = 2;
			remoteGlobalIDString = 1860F430177C91B500C7B3C9;
			remoteInfo = "ReactiveCocoa-iOS-UIKitTestHostTests";
		};
		03B98D3F18BEC5EE00366C75 /* PBXContainerItemProxy */ = {
			isa = PBXContainerItemProxy;
			containerPortal = 0308E16818BBFEE20094E105 /* ReactiveCocoa.xcodeproj */;
			proxyType = 2;
			remoteGlobalIDString = D05AD39417F2D56F0080895B;
			remoteInfo = "ReactiveCocoa-Mac";
		};
		03B98D4618BEC6FC00366C75 /* PBXContainerItemProxy */ = {
			isa = PBXContainerItemProxy;
			containerPortal = 0308E16818BBFEE20094E105 /* ReactiveCocoa.xcodeproj */;
			proxyType = 1;
			remoteGlobalIDString = 88037F8215056328001A5B19;
			remoteInfo = ReactiveCocoa;
		};
		03B98D6018BED22900366C75 /* PBXContainerItemProxy */ = {
			isa = PBXContainerItemProxy;
			containerPortal = 03B98D5918BED22900366C75 /* Expecta.xcodeproj */;
			proxyType = 2;
			remoteGlobalIDString = E9ACDF0C13B2DD520010F4D7;
			remoteInfo = Expecta;
		};
		03B98D6218BED22900366C75 /* PBXContainerItemProxy */ = {
			isa = PBXContainerItemProxy;
			containerPortal = 03B98D5918BED22900366C75 /* Expecta.xcodeproj */;
			proxyType = 2;
			remoteGlobalIDString = E93067CE13B2E6D100EA26FF;
			remoteInfo = "Expecta-iOS";
		};
		03B98D6418BED22900366C75 /* PBXContainerItemProxy */ = {
			isa = PBXContainerItemProxy;
			containerPortal = 03B98D5918BED22900366C75 /* Expecta.xcodeproj */;
			proxyType = 2;
			remoteGlobalIDString = E9ACDF1D13B2DD520010F4D7;
			remoteInfo = ExpectaTests;
		};
		03B98D6618BED22900366C75 /* PBXContainerItemProxy */ = {
			isa = PBXContainerItemProxy;
			containerPortal = 03B98D5918BED22900366C75 /* Expecta.xcodeproj */;
			proxyType = 2;
			remoteGlobalIDString = E93067DA13B2E6D100EA26FF;
			remoteInfo = "Expecta-iOSTests";
		};
		03B98D6F18BED22F00366C75 /* PBXContainerItemProxy */ = {
			isa = PBXContainerItemProxy;
			containerPortal = 03B98D6818BED22F00366C75 /* Specta.xcodeproj */;
			proxyType = 2;
			remoteGlobalIDString = E9D96A2614B6B8AB007D9521;
			remoteInfo = Specta;
		};
		03B98D7118BED22F00366C75 /* PBXContainerItemProxy */ = {
			isa = PBXContainerItemProxy;
			containerPortal = 03B98D6818BED22F00366C75 /* Specta.xcodeproj */;
			proxyType = 2;
			remoteGlobalIDString = E9B777A414BA294B00D8DC76;
			remoteInfo = "Specta-iOS";
		};
		03B98D7318BED22F00366C75 /* PBXContainerItemProxy */ = {
			isa = PBXContainerItemProxy;
			containerPortal = 03B98D6818BED22F00366C75 /* Specta.xcodeproj */;
			proxyType = 2;
			remoteGlobalIDString = E9D96A3A14B6B8AB007D9521;
			remoteInfo = SpectaTests;
		};
		03B98D7518BED22F00366C75 /* PBXContainerItemProxy */ = {
			isa = PBXContainerItemProxy;
			containerPortal = 03B98D6818BED22F00366C75 /* Specta.xcodeproj */;
			proxyType = 2;
			remoteGlobalIDString = E9B777B314BA294C00D8DC76;
			remoteInfo = "Specta-iOSTests";
		};
		03B98D7B18BED34700366C75 /* PBXContainerItemProxy */ = {
			isa = PBXContainerItemProxy;
			containerPortal = 03B98D6818BED22F00366C75 /* Specta.xcodeproj */;
			proxyType = 1;
			remoteGlobalIDString = E9D96A2514B6B8AB007D9521;
			remoteInfo = Specta;
		};
		03B98D7F18BED35000366C75 /* PBXContainerItemProxy */ = {
			isa = PBXContainerItemProxy;
			containerPortal = 03B98D5918BED22900366C75 /* Expecta.xcodeproj */;
			proxyType = 1;
			remoteGlobalIDString = E9ACDF0B13B2DD520010F4D7;
			remoteInfo = Expecta;
		};
/* End PBXContainerItemProxy section */

/* Begin PBXCopyFilesBuildPhase section */
		0308E18518BBFEF10094E105 /* CopyFiles */ = {
			isa = PBXCopyFilesBuildPhase;
			buildActionMask = 2147483647;
			dstPath = "";
			dstSubfolderSpec = 10;
			files = (
				03B98D4918BEC70400366C75 /* ReactiveCocoa.framework in CopyFiles */,
			);
			runOnlyForDeploymentPostprocessing = 0;
		};
/* End PBXCopyFilesBuildPhase section */

/* Begin PBXFileReference section */
		0308E0BA18BBF7850094E105 /* ReactiveBLE.framework */ = {isa = PBXFileReference; explicitFileType = wrapper.framework; includeInIndex = 0; path = ReactiveBLE.framework; sourceTree = BUILT_PRODUCTS_DIR; };
		0308E0BD18BBF7850094E105 /* Cocoa.framework */ = {isa = PBXFileReference; lastKnownFileType = wrapper.framework; name = Cocoa.framework; path = System/Library/Frameworks/Cocoa.framework; sourceTree = SDKROOT; };
		0308E0C018BBF7850094E105 /* Foundation.framework */ = {isa = PBXFileReference; lastKnownFileType = wrapper.framework; name = Foundation.framework; path = System/Library/Frameworks/Foundation.framework; sourceTree = SDKROOT; };
		0308E0C118BBF7850094E105 /* CoreData.framework */ = {isa = PBXFileReference; lastKnownFileType = wrapper.framework; name = CoreData.framework; path = System/Library/Frameworks/CoreData.framework; sourceTree = SDKROOT; };
		0308E0C218BBF7850094E105 /* AppKit.framework */ = {isa = PBXFileReference; lastKnownFileType = wrapper.framework; name = AppKit.framework; path = System/Library/Frameworks/AppKit.framework; sourceTree = SDKROOT; };
		0308E0C518BBF7850094E105 /* ReactiveBLE-Info.plist */ = {isa = PBXFileReference; lastKnownFileType = text.plist.xml; path = "ReactiveBLE-Info.plist"; sourceTree = "<group>"; };
		0308E0C718BBF7850094E105 /* en */ = {isa = PBXFileReference; lastKnownFileType = text.plist.strings; name = en; path = en.lproj/InfoPlist.strings; sourceTree = "<group>"; };
		0308E0C918BBF7850094E105 /* ReactiveBLE-Prefix.pch */ = {isa = PBXFileReference; lastKnownFileType = sourcecode.c.h; path = "ReactiveBLE-Prefix.pch"; sourceTree = "<group>"; };
		0308E0CA18BBF7850094E105 /* ReactiveBLE.h */ = {isa = PBXFileReference; lastKnownFileType = sourcecode.c.h; path = ReactiveBLE.h; sourceTree = "<group>"; };
		0308E0D118BBF7850094E105 /* ReactiveBLETests.xctest */ = {isa = PBXFileReference; explicitFileType = wrapper.cfbundle; includeInIndex = 0; path = ReactiveBLETests.xctest; sourceTree = BUILT_PRODUCTS_DIR; };
		0308E0D218BBF7850094E105 /* XCTest.framework */ = {isa = PBXFileReference; lastKnownFileType = wrapper.framework; name = XCTest.framework; path = Library/Frameworks/XCTest.framework; sourceTree = DEVELOPER_DIR; };
		0308E0DA18BBF7850094E105 /* ReactiveBLETests-Info.plist */ = {isa = PBXFileReference; lastKnownFileType = text.plist.xml; path = "ReactiveBLETests-Info.plist"; sourceTree = "<group>"; };
		0308E0DC18BBF7850094E105 /* en */ = {isa = PBXFileReference; lastKnownFileType = text.plist.strings; name = en; path = en.lproj/InfoPlist.strings; sourceTree = "<group>"; };
		0308E16218BBFC1F0094E105 /* IOBluetooth.framework */ = {isa = PBXFileReference; lastKnownFileType = wrapper.framework; name = IOBluetooth.framework; path = System/Library/Frameworks/IOBluetooth.framework; sourceTree = SDKROOT; };
		0308E16818BBFEE20094E105 /* ReactiveCocoa.xcodeproj */ = {isa = PBXFileReference; lastKnownFileType = "wrapper.pb-project"; name = ReactiveCocoa.xcodeproj; path = ../External/ReactiveCocoa/ReactiveCocoaFramework/ReactiveCocoa.xcodeproj; sourceTree = "<group>"; };
		037D986D18BE832B00586C5C /* RBTCentralManager.h */ = {isa = PBXFileReference; fileEncoding = 4; lastKnownFileType = sourcecode.c.h; path = RBTCentralManager.h; sourceTree = "<group>"; };
		037D986E18BE832B00586C5C /* RBTCentralManager.m */ = {isa = PBXFileReference; fileEncoding = 4; lastKnownFileType = sourcecode.c.objc; path = RBTCentralManager.m; sourceTree = "<group>"; };
		03B98D4218BEC65D00366C75 /* EXTScope.h */ = {isa = PBXFileReference; fileEncoding = 4; lastKnownFileType = sourcecode.c.h; name = EXTScope.h; path = External/libextobjc/extobjc/EXTScope.h; sourceTree = SOURCE_ROOT; };
		03B98D4318BEC65D00366C75 /* EXTScope.m */ = {isa = PBXFileReference; fileEncoding = 4; lastKnownFileType = sourcecode.c.objc; name = EXTScope.m; path = External/libextobjc/extobjc/EXTScope.m; sourceTree = SOURCE_ROOT; };
		03B98D5918BED22900366C75 /* Expecta.xcodeproj */ = {isa = PBXFileReference; lastKnownFileType = "wrapper.pb-project"; name = Expecta.xcodeproj; path = External/expecta/Expecta.xcodeproj; sourceTree = SOURCE_ROOT; };
		03B98D6818BED22F00366C75 /* Specta.xcodeproj */ = {isa = PBXFileReference; lastKnownFileType = "wrapper.pb-project"; name = Specta.xcodeproj; path = External/specta/Specta.xcodeproj; sourceTree = SOURCE_ROOT; };
		03B98D8418BED3BE00366C75 /* RBTCentralManagerSpec.m */ = {isa = PBXFileReference; fileEncoding = 4; lastKnownFileType = sourcecode.c.objc; path = RBTCentralManagerSpec.m; sourceTree = "<group>"; };
		03B98D8618BED42E00366C75 /* ReactiveBLETests-Prefix.pch */ = {isa = PBXFileReference; fileEncoding = 4; lastKnownFileType = sourcecode.c.h; path = "ReactiveBLETests-Prefix.pch"; sourceTree = "<group>"; };
		03B98D8718BED7F100366C75 /* SenTestingKit.framework */ = {isa = PBXFileReference; lastKnownFileType = wrapper.framework; name = SenTestingKit.framework; path = Library/Frameworks/SenTestingKit.framework; sourceTree = DEVELOPER_DIR; };
/* End PBXFileReference section */

/* Begin PBXFrameworksBuildPhase section */
		0308E0B618BBF7850094E105 /* Frameworks */ = {
			isa = PBXFrameworksBuildPhase;
			buildActionMask = 2147483647;
			files = (
				03B98D4818BEC6FF00366C75 /* ReactiveCocoa.framework in Frameworks */,
				0308E16318BBFC1F0094E105 /* IOBluetooth.framework in Frameworks */,
				0308E0BE18BBF7850094E105 /* Cocoa.framework in Frameworks */,
			);
			runOnlyForDeploymentPostprocessing = 0;
		};
		0308E0CE18BBF7850094E105 /* Frameworks */ = {
			isa = PBXFrameworksBuildPhase;
			buildActionMask = 2147483647;
			files = (
				03B98D8818BED7F100366C75 /* SenTestingKit.framework in Frameworks */,
				03B98D8218BED37200366C75 /* libSpecta.a in Frameworks */,
				03B98D8118BED36E00366C75 /* libExpecta.a in Frameworks */,
				0308E0D418BBF7850094E105 /* Cocoa.framework in Frameworks */,
				0308E0D318BBF7850094E105 /* XCTest.framework in Frameworks */,
				0308E0D718BBF7850094E105 /* ReactiveBLE.framework in Frameworks */,
			);
			runOnlyForDeploymentPostprocessing = 0;
		};
/* End PBXFrameworksBuildPhase section */

/* Begin PBXGroup section */
		0308E0B018BBF7850094E105 = {
			isa = PBXGroup;
			children = (
				0308E0C318BBF7850094E105 /* ReactiveBLE */,
				0308E0D818BBF7850094E105 /* ReactiveBLETests */,
				0308E0BC18BBF7850094E105 /* Frameworks */,
				0308E0BB18BBF7850094E105 /* Products */,
			);
			sourceTree = "<group>";
		};
		0308E0BB18BBF7850094E105 /* Products */ = {
			isa = PBXGroup;
			children = (
				0308E0BA18BBF7850094E105 /* ReactiveBLE.framework */,
				0308E0D118BBF7850094E105 /* ReactiveBLETests.xctest */,
			);
			name = Products;
			sourceTree = "<group>";
		};
		0308E0BC18BBF7850094E105 /* Frameworks */ = {
			isa = PBXGroup;
			children = (
				03B98D8718BED7F100366C75 /* SenTestingKit.framework */,
				0308E16218BBFC1F0094E105 /* IOBluetooth.framework */,
				0308E0BD18BBF7850094E105 /* Cocoa.framework */,
				0308E0D218BBF7850094E105 /* XCTest.framework */,
				0308E0BF18BBF7850094E105 /* Other Frameworks */,
			);
			name = Frameworks;
			sourceTree = "<group>";
		};
		0308E0BF18BBF7850094E105 /* Other Frameworks */ = {
			isa = PBXGroup;
			children = (
				0308E0C018BBF7850094E105 /* Foundation.framework */,
				0308E0C118BBF7850094E105 /* CoreData.framework */,
				0308E0C218BBF7850094E105 /* AppKit.framework */,
			);
			name = "Other Frameworks";
			sourceTree = "<group>";
		};
		0308E0C318BBF7850094E105 /* ReactiveBLE */ = {
			isa = PBXGroup;
			children = (
				03B98D2118BEC5E900366C75 /* External */,
				0308E0CA18BBF7850094E105 /* ReactiveBLE.h */,
				0308E0C418BBF7850094E105 /* Supporting Files */,
				037D986D18BE832B00586C5C /* RBTCentralManager.h */,
				037D986E18BE832B00586C5C /* RBTCentralManager.m */,
			);
			path = ReactiveBLE;
			sourceTree = "<group>";
		};
		0308E0C418BBF7850094E105 /* Supporting Files */ = {
			isa = PBXGroup;
			children = (
				0308E0C518BBF7850094E105 /* ReactiveBLE-Info.plist */,
				0308E0C618BBF7850094E105 /* InfoPlist.strings */,
				0308E0C918BBF7850094E105 /* ReactiveBLE-Prefix.pch */,
			);
			name = "Supporting Files";
			sourceTree = "<group>";
		};
		0308E0D818BBF7850094E105 /* ReactiveBLETests */ = {
			isa = PBXGroup;
			children = (
				0308E0D918BBF7850094E105 /* Supporting Files */,
				03B98D8418BED3BE00366C75 /* RBTCentralManagerSpec.m */,
			);
			path = ReactiveBLETests;
			sourceTree = "<group>";
		};
		0308E0D918BBF7850094E105 /* Supporting Files */ = {
			isa = PBXGroup;
			children = (
				03B98D6818BED22F00366C75 /* Specta.xcodeproj */,
				03B98D5918BED22900366C75 /* Expecta.xcodeproj */,
				0308E0DA18BBF7850094E105 /* ReactiveBLETests-Info.plist */,
				0308E0DB18BBF7850094E105 /* InfoPlist.strings */,
				03B98D8618BED42E00366C75 /* ReactiveBLETests-Prefix.pch */,
			);
			name = "Supporting Files";
			sourceTree = "<group>";
		};
		03B98D2118BEC5E900366C75 /* External */ = {
			isa = PBXGroup;
			children = (
				03B98D4118BEC5F100366C75 /* libextobjc */,
				0308E16818BBFEE20094E105 /* ReactiveCocoa.xcodeproj */,
			);
			name = External;
			sourceTree = "<group>";
		};
		03B98D2A18BEC5EE00366C75 /* Products */ = {
			isa = PBXGroup;
			children = (
				03B98D3418BEC5EE00366C75 /* ReactiveCocoa.framework */,
				03B98D3618BEC5EE00366C75 /* libReactiveCocoa-iOS.a */,
				03B98D3818BEC5EE00366C75 /* ReactiveCocoaTests.octest */,
				03B98D3A18BEC5EE00366C75 /* ReactiveCocoaTests-iOS.octest */,
				03B98D3C18BEC5EE00366C75 /* ReactiveCocoa-iOS-UIKitTestHost.app */,
				03B98D3E18BEC5EE00366C75 /* ReactiveCocoa-iOS-UIKitTestHostTests.octest */,
				03B98D4018BEC5EE00366C75 /* libReactiveCocoa-Mac.a */,
			);
			name = Products;
			sourceTree = "<group>";
		};
		03B98D4118BEC5F100366C75 /* libextobjc */ = {
			isa = PBXGroup;
			children = (
				03B98D4218BEC65D00366C75 /* EXTScope.h */,
				03B98D4318BEC65D00366C75 /* EXTScope.m */,
			);
			name = libextobjc;
			sourceTree = "<group>";
		};
		03B98D5A18BED22900366C75 /* Products */ = {
			isa = PBXGroup;
			children = (
				03B98D6118BED22900366C75 /* libExpecta.a */,
				03B98D6318BED22900366C75 /* libExpecta-iOS.a */,
				03B98D6518BED22900366C75 /* ExpectaTests.octest */,
				03B98D6718BED22900366C75 /* Expecta-iOSTests.octest */,
			);
			name = Products;
			sourceTree = "<group>";
		};
		03B98D6918BED22F00366C75 /* Products */ = {
			isa = PBXGroup;
			children = (
				03B98D7018BED22F00366C75 /* libSpecta.a */,
				03B98D7218BED22F00366C75 /* libSpecta-iOS.a */,
				03B98D7418BED22F00366C75 /* SpectaTests.octest */,
				03B98D7618BED22F00366C75 /* Specta-iOSTests.octest */,
			);
			name = Products;
			sourceTree = "<group>";
		};
/* End PBXGroup section */

/* Begin PBXHeadersBuildPhase section */
		0308E0B718BBF7850094E105 /* Headers */ = {
			isa = PBXHeadersBuildPhase;
			buildActionMask = 2147483647;
			files = (
				037D986F18BE832B00586C5C /* RBTCentralManager.h in Headers */,
				03B98D5818BEC84100366C75 /* ReactiveBLE.h in Headers */,
				03B98D4418BEC65D00366C75 /* EXTScope.h in Headers */,
			);
			runOnlyForDeploymentPostprocessing = 0;
		};
/* End PBXHeadersBuildPhase section */

/* Begin PBXNativeTarget section */
		0308E0B918BBF7850094E105 /* ReactiveBLE */ = {
			isa = PBXNativeTarget;
			buildConfigurationList = 0308E0E218BBF7850094E105 /* Build configuration list for PBXNativeTarget "ReactiveBLE" */;
			buildPhases = (
				0308E0B518BBF7850094E105 /* Sources */,
				0308E0B618BBF7850094E105 /* Frameworks */,
				0308E0B718BBF7850094E105 /* Headers */,
				0308E0B818BBF7850094E105 /* Resources */,
				0308E18518BBFEF10094E105 /* CopyFiles */,
			);
			buildRules = (
			);
			dependencies = (
				03B98D4718BEC6FC00366C75 /* PBXTargetDependency */,
			);
			name = ReactiveBLE;
			productName = ReactiveBLE;
			productReference = 0308E0BA18BBF7850094E105 /* ReactiveBLE.framework */;
			productType = "com.apple.product-type.framework";
		};
		0308E0D018BBF7850094E105 /* ReactiveBLETests */ = {
			isa = PBXNativeTarget;
			buildConfigurationList = 0308E0E518BBF7850094E105 /* Build configuration list for PBXNativeTarget "ReactiveBLETests" */;
			buildPhases = (
				0308E0CD18BBF7850094E105 /* Sources */,
				0308E0CE18BBF7850094E105 /* Frameworks */,
				0308E0CF18BBF7850094E105 /* Resources */,
			);
			buildRules = (
			);
			dependencies = (
				03B98D8018BED35000366C75 /* PBXTargetDependency */,
				03B98D7C18BED34700366C75 /* PBXTargetDependency */,
				0308E0D618BBF7850094E105 /* PBXTargetDependency */,
			);
			name = ReactiveBLETests;
			productName = ReactiveBLETests;
			productReference = 0308E0D118BBF7850094E105 /* ReactiveBLETests.xctest */;
			productType = "com.apple.product-type.bundle.unit-test";
		};
/* End PBXNativeTarget section */

/* Begin PBXProject section */
		0308E0B118BBF7850094E105 /* Project object */ = {
			isa = PBXProject;
			attributes = {
				LastUpgradeCheck = 0500;
				ORGANIZATIONNAME = "Indragie Karunaratne";
				TargetAttributes = {
					0308E0D018BBF7850094E105 = {
						TestTargetID = 0308E0B918BBF7850094E105;
					};
				};
			};
			buildConfigurationList = 0308E0B418BBF7850094E105 /* Build configuration list for PBXProject "ReactiveBLE" */;
			compatibilityVersion = "Xcode 3.2";
			developmentRegion = English;
			hasScannedForEncodings = 0;
			knownRegions = (
				en,
				Base,
			);
			mainGroup = 0308E0B018BBF7850094E105;
			productRefGroup = 0308E0BB18BBF7850094E105 /* Products */;
			projectDirPath = "";
			projectReferences = (
				{
					ProductGroup = 03B98D5A18BED22900366C75 /* Products */;
					ProjectRef = 03B98D5918BED22900366C75 /* Expecta.xcodeproj */;
				},
				{
					ProductGroup = 03B98D2A18BEC5EE00366C75 /* Products */;
					ProjectRef = 0308E16818BBFEE20094E105 /* ReactiveCocoa.xcodeproj */;
				},
				{
					ProductGroup = 03B98D6918BED22F00366C75 /* Products */;
					ProjectRef = 03B98D6818BED22F00366C75 /* Specta.xcodeproj */;
				},
			);
			projectRoot = "";
			targets = (
				0308E0B918BBF7850094E105 /* ReactiveBLE */,
				0308E0D018BBF7850094E105 /* ReactiveBLETests */,
			);
		};
/* End PBXProject section */

/* Begin PBXReferenceProxy section */
		03B98D3418BEC5EE00366C75 /* ReactiveCocoa.framework */ = {
			isa = PBXReferenceProxy;
			fileType = wrapper.framework;
			path = ReactiveCocoa.framework;
			remoteRef = 03B98D3318BEC5EE00366C75 /* PBXContainerItemProxy */;
			sourceTree = BUILT_PRODUCTS_DIR;
		};
		03B98D3618BEC5EE00366C75 /* libReactiveCocoa-iOS.a */ = {
			isa = PBXReferenceProxy;
			fileType = archive.ar;
			path = "libReactiveCocoa-iOS.a";
			remoteRef = 03B98D3518BEC5EE00366C75 /* PBXContainerItemProxy */;
			sourceTree = BUILT_PRODUCTS_DIR;
		};
		03B98D3818BEC5EE00366C75 /* ReactiveCocoaTests.octest */ = {
			isa = PBXReferenceProxy;
			fileType = wrapper.cfbundle;
			path = ReactiveCocoaTests.octest;
			remoteRef = 03B98D3718BEC5EE00366C75 /* PBXContainerItemProxy */;
			sourceTree = BUILT_PRODUCTS_DIR;
		};
		03B98D3A18BEC5EE00366C75 /* ReactiveCocoaTests-iOS.octest */ = {
			isa = PBXReferenceProxy;
			fileType = wrapper.cfbundle;
			path = "ReactiveCocoaTests-iOS.octest";
			remoteRef = 03B98D3918BEC5EE00366C75 /* PBXContainerItemProxy */;
			sourceTree = BUILT_PRODUCTS_DIR;
		};
		03B98D3C18BEC5EE00366C75 /* ReactiveCocoa-iOS-UIKitTestHost.app */ = {
			isa = PBXReferenceProxy;
			fileType = wrapper.application;
			path = "ReactiveCocoa-iOS-UIKitTestHost.app";
			remoteRef = 03B98D3B18BEC5EE00366C75 /* PBXContainerItemProxy */;
			sourceTree = BUILT_PRODUCTS_DIR;
		};
		03B98D3E18BEC5EE00366C75 /* ReactiveCocoa-iOS-UIKitTestHostTests.octest */ = {
			isa = PBXReferenceProxy;
			fileType = wrapper.cfbundle;
			path = "ReactiveCocoa-iOS-UIKitTestHostTests.octest";
			remoteRef = 03B98D3D18BEC5EE00366C75 /* PBXContainerItemProxy */;
			sourceTree = BUILT_PRODUCTS_DIR;
		};
		03B98D4018BEC5EE00366C75 /* libReactiveCocoa-Mac.a */ = {
			isa = PBXReferenceProxy;
			fileType = archive.ar;
			path = "libReactiveCocoa-Mac.a";
			remoteRef = 03B98D3F18BEC5EE00366C75 /* PBXContainerItemProxy */;
			sourceTree = BUILT_PRODUCTS_DIR;
		};
		03B98D6118BED22900366C75 /* libExpecta.a */ = {
			isa = PBXReferenceProxy;
			fileType = archive.ar;
			path = libExpecta.a;
			remoteRef = 03B98D6018BED22900366C75 /* PBXContainerItemProxy */;
			sourceTree = BUILT_PRODUCTS_DIR;
		};
		03B98D6318BED22900366C75 /* libExpecta-iOS.a */ = {
			isa = PBXReferenceProxy;
			fileType = archive.ar;
			path = "libExpecta-iOS.a";
			remoteRef = 03B98D6218BED22900366C75 /* PBXContainerItemProxy */;
			sourceTree = BUILT_PRODUCTS_DIR;
		};
		03B98D6518BED22900366C75 /* ExpectaTests.octest */ = {
			isa = PBXReferenceProxy;
			fileType = wrapper.cfbundle;
			path = ExpectaTests.octest;
			remoteRef = 03B98D6418BED22900366C75 /* PBXContainerItemProxy */;
			sourceTree = BUILT_PRODUCTS_DIR;
		};
		03B98D6718BED22900366C75 /* Expecta-iOSTests.octest */ = {
			isa = PBXReferenceProxy;
			fileType = wrapper.cfbundle;
			path = "Expecta-iOSTests.octest";
			remoteRef = 03B98D6618BED22900366C75 /* PBXContainerItemProxy */;
			sourceTree = BUILT_PRODUCTS_DIR;
		};
		03B98D7018BED22F00366C75 /* libSpecta.a */ = {
			isa = PBXReferenceProxy;
			fileType = archive.ar;
			path = libSpecta.a;
			remoteRef = 03B98D6F18BED22F00366C75 /* PBXContainerItemProxy */;
			sourceTree = BUILT_PRODUCTS_DIR;
		};
		03B98D7218BED22F00366C75 /* libSpecta-iOS.a */ = {
			isa = PBXReferenceProxy;
			fileType = archive.ar;
			path = "libSpecta-iOS.a";
			remoteRef = 03B98D7118BED22F00366C75 /* PBXContainerItemProxy */;
			sourceTree = BUILT_PRODUCTS_DIR;
		};
		03B98D7418BED22F00366C75 /* SpectaTests.octest */ = {
			isa = PBXReferenceProxy;
			fileType = wrapper.cfbundle;
			path = SpectaTests.octest;
			remoteRef = 03B98D7318BED22F00366C75 /* PBXContainerItemProxy */;
			sourceTree = BUILT_PRODUCTS_DIR;
		};
		03B98D7618BED22F00366C75 /* Specta-iOSTests.octest */ = {
			isa = PBXReferenceProxy;
			fileType = wrapper.cfbundle;
			path = "Specta-iOSTests.octest";
			remoteRef = 03B98D7518BED22F00366C75 /* PBXContainerItemProxy */;
			sourceTree = BUILT_PRODUCTS_DIR;
		};
/* End PBXReferenceProxy section */

/* Begin PBXResourcesBuildPhase section */
		0308E0B818BBF7850094E105 /* Resources */ = {
			isa = PBXResourcesBuildPhase;
			buildActionMask = 2147483647;
			files = (
				0308E0C818BBF7850094E105 /* InfoPlist.strings in Resources */,
			);
			runOnlyForDeploymentPostprocessing = 0;
		};
		0308E0CF18BBF7850094E105 /* Resources */ = {
			isa = PBXResourcesBuildPhase;
			buildActionMask = 2147483647;
			files = (
				0308E0DD18BBF7850094E105 /* InfoPlist.strings in Resources */,
			);
			runOnlyForDeploymentPostprocessing = 0;
		};
/* End PBXResourcesBuildPhase section */

/* Begin PBXSourcesBuildPhase section */
		0308E0B518BBF7850094E105 /* Sources */ = {
			isa = PBXSourcesBuildPhase;
			buildActionMask = 2147483647;
			files = (
				03B98D4518BEC65D00366C75 /* EXTScope.m in Sources */,
				037D987018BE832B00586C5C /* RBTCentralManager.m in Sources */,
			);
			runOnlyForDeploymentPostprocessing = 0;
		};
		0308E0CD18BBF7850094E105 /* Sources */ = {
			isa = PBXSourcesBuildPhase;
			buildActionMask = 2147483647;
			files = (
				03B98D8518BED3BE00366C75 /* RBTCentralManagerSpec.m in Sources */,
			);
			runOnlyForDeploymentPostprocessing = 0;
		};
/* End PBXSourcesBuildPhase section */

/* Begin PBXTargetDependency section */
		0308E0D618BBF7850094E105 /* PBXTargetDependency */ = {
			isa = PBXTargetDependency;
			target = 0308E0B918BBF7850094E105 /* ReactiveBLE */;
			targetProxy = 0308E0D518BBF7850094E105 /* PBXContainerItemProxy */;
		};
		03B98D4718BEC6FC00366C75 /* PBXTargetDependency */ = {
			isa = PBXTargetDependency;
			name = ReactiveCocoa;
			targetProxy = 03B98D4618BEC6FC00366C75 /* PBXContainerItemProxy */;
		};
		03B98D7C18BED34700366C75 /* PBXTargetDependency */ = {
			isa = PBXTargetDependency;
			name = Specta;
			targetProxy = 03B98D7B18BED34700366C75 /* PBXContainerItemProxy */;
		};
		03B98D8018BED35000366C75 /* PBXTargetDependency */ = {
			isa = PBXTargetDependency;
			name = Expecta;
			targetProxy = 03B98D7F18BED35000366C75 /* PBXContainerItemProxy */;
		};
/* End PBXTargetDependency section */

/* Begin PBXVariantGroup section */
		0308E0C618BBF7850094E105 /* InfoPlist.strings */ = {
			isa = PBXVariantGroup;
			children = (
				0308E0C718BBF7850094E105 /* en */,
			);
			name = InfoPlist.strings;
			sourceTree = "<group>";
		};
		0308E0DB18BBF7850094E105 /* InfoPlist.strings */ = {
			isa = PBXVariantGroup;
			children = (
				0308E0DC18BBF7850094E105 /* en */,
			);
			name = InfoPlist.strings;
			sourceTree = "<group>";
		};
/* End PBXVariantGroup section */

/* Begin XCBuildConfiguration section */
		0308E0E018BBF7850094E105 /* Debug */ = {
			isa = XCBuildConfiguration;
			buildSettings = {
				ALWAYS_SEARCH_USER_PATHS = NO;
				CLANG_CXX_LANGUAGE_STANDARD = "gnu++0x";
				CLANG_CXX_LIBRARY = "libc++";
				CLANG_ENABLE_OBJC_ARC = YES;
				CLANG_WARN_BOOL_CONVERSION = YES;
				CLANG_WARN_CONSTANT_CONVERSION = YES;
				CLANG_WARN_DIRECT_OBJC_ISA_USAGE = YES_ERROR;
				CLANG_WARN_EMPTY_BODY = YES;
				CLANG_WARN_ENUM_CONVERSION = YES;
				CLANG_WARN_INT_CONVERSION = YES;
				CLANG_WARN_OBJC_ROOT_CLASS = YES_ERROR;
				CLANG_WARN__DUPLICATE_METHOD_MATCH = YES;
				COPY_PHASE_STRIP = NO;
				GCC_C_LANGUAGE_STANDARD = gnu99;
				GCC_DYNAMIC_NO_PIC = NO;
				GCC_ENABLE_OBJC_EXCEPTIONS = YES;
				GCC_OPTIMIZATION_LEVEL = 0;
				GCC_PREPROCESSOR_DEFINITIONS = (
					"DEBUG=1",
					"$(inherited)",
				);
				GCC_SYMBOLS_PRIVATE_EXTERN = NO;
				GCC_WARN_64_TO_32_BIT_CONVERSION = YES;
				GCC_WARN_ABOUT_RETURN_TYPE = YES_ERROR;
				GCC_WARN_UNDECLARED_SELECTOR = YES;
				GCC_WARN_UNINITIALIZED_AUTOS = YES;
				GCC_WARN_UNUSED_FUNCTION = YES;
				GCC_WARN_UNUSED_VARIABLE = YES;
				MACOSX_DEPLOYMENT_TARGET = 10.9;
				ONLY_ACTIVE_ARCH = YES;
				SDKROOT = macosx;
			};
			name = Debug;
		};
		0308E0E118BBF7850094E105 /* Release */ = {
			isa = XCBuildConfiguration;
			buildSettings = {
				ALWAYS_SEARCH_USER_PATHS = NO;
				CLANG_CXX_LANGUAGE_STANDARD = "gnu++0x";
				CLANG_CXX_LIBRARY = "libc++";
				CLANG_ENABLE_OBJC_ARC = YES;
				CLANG_WARN_BOOL_CONVERSION = YES;
				CLANG_WARN_CONSTANT_CONVERSION = YES;
				CLANG_WARN_DIRECT_OBJC_ISA_USAGE = YES_ERROR;
				CLANG_WARN_EMPTY_BODY = YES;
				CLANG_WARN_ENUM_CONVERSION = YES;
				CLANG_WARN_INT_CONVERSION = YES;
				CLANG_WARN_OBJC_ROOT_CLASS = YES_ERROR;
				CLANG_WARN__DUPLICATE_METHOD_MATCH = YES;
				COPY_PHASE_STRIP = YES;
				DEBUG_INFORMATION_FORMAT = "dwarf-with-dsym";
				ENABLE_NS_ASSERTIONS = NO;
				GCC_C_LANGUAGE_STANDARD = gnu99;
				GCC_ENABLE_OBJC_EXCEPTIONS = YES;
				GCC_WARN_64_TO_32_BIT_CONVERSION = YES;
				GCC_WARN_ABOUT_RETURN_TYPE = YES_ERROR;
				GCC_WARN_UNDECLARED_SELECTOR = YES;
				GCC_WARN_UNINITIALIZED_AUTOS = YES;
				GCC_WARN_UNUSED_FUNCTION = YES;
				GCC_WARN_UNUSED_VARIABLE = YES;
				MACOSX_DEPLOYMENT_TARGET = 10.9;
				SDKROOT = macosx;
			};
			name = Release;
		};
		0308E0E318BBF7850094E105 /* Debug */ = {
			isa = XCBuildConfiguration;
			buildSettings = {
				COMBINE_HIDPI_IMAGES = YES;
				DYLIB_COMPATIBILITY_VERSION = 1;
				DYLIB_CURRENT_VERSION = 1;
				FRAMEWORK_VERSION = A;
				GCC_PRECOMPILE_PREFIX_HEADER = YES;
				GCC_PREFIX_HEADER = "ReactiveBLE/ReactiveBLE-Prefix.pch";
				INFOPLIST_FILE = "ReactiveBLE/ReactiveBLE-Info.plist";
				INSTALL_PATH = "@rpath";
				LD_RUNPATH_SEARCH_PATHS = "@loader_path/../Frameworks";
				PRODUCT_NAME = "$(TARGET_NAME)";
				WRAPPER_EXTENSION = framework;
			};
			name = Debug;
		};
		0308E0E418BBF7850094E105 /* Release */ = {
			isa = XCBuildConfiguration;
			buildSettings = {
				COMBINE_HIDPI_IMAGES = YES;
				DYLIB_COMPATIBILITY_VERSION = 1;
				DYLIB_CURRENT_VERSION = 1;
				FRAMEWORK_VERSION = A;
				GCC_PRECOMPILE_PREFIX_HEADER = YES;
				GCC_PREFIX_HEADER = "ReactiveBLE/ReactiveBLE-Prefix.pch";
				INFOPLIST_FILE = "ReactiveBLE/ReactiveBLE-Info.plist";
				INSTALL_PATH = "@rpath";
				LD_RUNPATH_SEARCH_PATHS = "@loader_path/../Frameworks";
				PRODUCT_NAME = "$(TARGET_NAME)";
				WRAPPER_EXTENSION = framework;
			};
			name = Release;
		};
		0308E0E618BBF7850094E105 /* Debug */ = {
			isa = XCBuildConfiguration;
			buildSettings = {
				BUNDLE_LOADER = "$(BUILT_PRODUCTS_DIR)/ReactiveBLE.framework/Versions/A/ReactiveBLE";
				COMBINE_HIDPI_IMAGES = YES;
				FRAMEWORK_SEARCH_PATHS = (
					"$(DEVELOPER_FRAMEWORKS_DIR)",
					"$(inherited)",
				);
				GCC_PRECOMPILE_PREFIX_HEADER = YES;
				GCC_PREFIX_HEADER = "ReactiveBLETests/ReactiveBLETests-Prefix.pch";
				GCC_PREPROCESSOR_DEFINITIONS = (
					"DEBUG=1",
					"$(inherited)",
				);
				HEADER_SEARCH_PATHS = (
					"$(inherited)",
					/Applications/Xcode.app/Contents/Developer/Toolchains/XcodeDefault.xctoolchain/usr/include,
					"\"$(PROJECT_DIR)/External/specta/src\"",
					"\"$(PROJECT_DIR)/External/expecta/src\"/**",
				);
				INFOPLIST_FILE = "ReactiveBLETests/ReactiveBLETests-Info.plist";
				OTHER_LDFLAGS = (
					"$(inherited)",
					"-framework",
					XCTest,
					"-ObjC",
				);
				PRODUCT_NAME = "$(TARGET_NAME)";
				TEST_HOST = "$(BUNDLE_LOADER)";
				WRAPPER_EXTENSION = xctest;
			};
			name = Debug;
		};
		0308E0E718BBF7850094E105 /* Release */ = {
			isa = XCBuildConfiguration;
			buildSettings = {
				BUNDLE_LOADER = "$(BUILT_PRODUCTS_DIR)/ReactiveBLE.framework/Versions/A/ReactiveBLE";
				COMBINE_HIDPI_IMAGES = YES;
				FRAMEWORK_SEARCH_PATHS = (
					"$(DEVELOPER_FRAMEWORKS_DIR)",
					"$(inherited)",
				);
				GCC_PRECOMPILE_PREFIX_HEADER = YES;
				GCC_PREFIX_HEADER = "ReactiveBLETests/ReactiveBLETests-Prefix.pch";
				HEADER_SEARCH_PATHS = (
					"$(inherited)",
					/Applications/Xcode.app/Contents/Developer/Toolchains/XcodeDefault.xctoolchain/usr/include,
					"\"$(PROJECT_DIR)/External/specta/src\"",
					"\"$(PROJECT_DIR)/External/expecta/src\"/**",
				);
				INFOPLIST_FILE = "ReactiveBLETests/ReactiveBLETests-Info.plist";
				OTHER_LDFLAGS = (
					"$(inherited)",
					"-framework",
					XCTest,
					"-ObjC",
				);
				PRODUCT_NAME = "$(TARGET_NAME)";
				TEST_HOST = "$(BUNDLE_LOADER)";
				WRAPPER_EXTENSION = xctest;
			};
			name = Release;
		};
/* End XCBuildConfiguration section */

/* Begin XCConfigurationList section */
		0308E0B418BBF7850094E105 /* Build configuration list for PBXProject "ReactiveBLE" */ = {
			isa = XCConfigurationList;
			buildConfigurations = (
				0308E0E018BBF7850094E105 /* Debug */,
				0308E0E118BBF7850094E105 /* Release */,
			);
			defaultConfigurationIsVisible = 0;
			defaultConfigurationName = Release;
		};
		0308E0E218BBF7850094E105 /* Build configuration list for PBXNativeTarget "ReactiveBLE" */ = {
			isa = XCConfigurationList;
			buildConfigurations = (
				0308E0E318BBF7850094E105 /* Debug */,
				0308E0E418BBF7850094E105 /* Release */,
			);
			defaultConfigurationIsVisible = 0;
			defaultConfigurationName = Release;
		};
		0308E0E518BBF7850094E105 /* Build configuration list for PBXNativeTarget "ReactiveBLETests" */ = {
			isa = XCConfigurationList;
			buildConfigurations = (
				0308E0E618BBF7850094E105 /* Debug */,
				0308E0E718BBF7850094E105 /* Release */,
			);
			defaultConfigurationIsVisible = 0;
			defaultConfigurationName = Release;
		};
/* End XCConfigurationList section */
	};
	rootObject = 0308E0B118BBF7850094E105 /* Project object */;
}
